
Microsoft Visual Studio Solution File, Format Version 12.00
# Visual Studio 15
VisualStudioVersion = 15.0.27428.2002
MinimumVisualStudioVersion = 10.0.40219.1
Project("{FAE04EC0-301F-11D3-BF4B-00C04F79EFBC}") = "PMCDataModel", "PMCDataModel\PMCDataModel.csproj", "{450283BE-5900-4CD7-97E8-3B75AE716339}"
EndProject
Project("{FAE04EC0-301F-11D3-BF4B-00C04F79EFBC}") = "PMCDataModel.Tests", "PMCDataModel.Tests\PMCDataModel.Tests.csproj", "{5B0D4E40-4FF7-4095-AFC6-4C5BD69CD5F7}"
EndProject
Project("{FAE04EC0-301F-11D3-BF4B-00C04F79EFBC}") = "PMCDataModel.ConsoleExample", "PMCDataModel.ConsoleExample\PMCDataModel.ConsoleExample.csproj", "{AEB5E035-AF41-406C-B974-EADC826671DF}"
EndProject
Global
	GlobalSection(SolutionConfigurationPlatforms) = preSolution
		Debug|Any CPU = Debug|Any CPU
		Release|Any CPU = Release|Any CPU
	EndGlobalSection
	GlobalSection(ProjectConfigurationPlatforms) = postSolution
		{450283BE-5900-4CD7-97E8-3B75AE716339}.Debug|Any CPU.ActiveCfg = Debug|Any CPU
		{450283BE-5900-4CD7-97E8-3B75AE716339}.Debug|Any CPU.Build.0 = Debug|Any CPU
		{450283BE-5900-4CD7-97E8-3B75AE716339}.Release|Any CPU.ActiveCfg = Release|Any CPU
		{450283BE-5900-4CD7-97E8-3B75AE716339}.Release|Any CPU.Build.0 = Release|Any CPU
		{5B0D4E40-4FF7-4095-AFC6-4C5BD69CD5F7}.Debug|Any CPU.ActiveCfg = Debug|Any CPU
		{5B0D4E40-4FF7-4095-AFC6-4C5BD69CD5F7}.Debug|Any CPU.Build.0 = Debug|Any CPU
		{5B0D4E40-4FF7-4095-AFC6-4C5BD69CD5F7}.Release|Any CPU.ActiveCfg = Release|Any CPU
		{5B0D4E40-4FF7-4095-AFC6-4C5BD69CD5F7}.Release|Any CPU.Build.0 = Release|Any CPU
		{AEB5E035-AF41-406C-B974-EADC826671DF}.Debug|Any CPU.ActiveCfg = Debug|Any CPU
		{AEB5E035-AF41-406C-B974-EADC826671DF}.Debug|Any CPU.Build.0 = Debug|Any CPU
		{AEB5E035-AF41-406C-B974-EADC826671DF}.Release|Any CPU.ActiveCfg = Release|Any CPU
		{AEB5E035-AF41-406C-B974-EADC826671DF}.Release|Any CPU.Build.0 = Release|Any CPU
	EndGlobalSection
	GlobalSection(SolutionProperties) = preSolution
		HideSolutionNode = FALSE
	EndGlobalSection
	GlobalSection(ExtensibilityGlobals) = postSolution
		SolutionGuid = {CFA8617C-9B0E-44ED-BE51-C0E8987195C4}
	EndGlobalSection
EndGlobal
